// !$*UTF8*$!
{
	archiveVersion = 1;
	classes = {
	};
	objectVersion = 56;
	objects = {

/* Begin PBXBuildFile section */
		6809351D6A6EF0B4F557B84A /* Pods_PureLabel.framework in Frameworks */ = {isa = PBXBuildFile; fileRef = 8E5BC6FF846267C73F9E6381 /* Pods_PureLabel.framework */; };
		76AD5D551748641D89945836 /* Pods_PureLabel_PureLabelUITests.framework in Frameworks */ = {isa = PBXBuildFile; fileRef = 19269CA9CDFA49D7C315EBE0 /* Pods_PureLabel_PureLabelUITests.framework */; };
		9684293BA91814AC88C39B30 /* Pods_PureLabelTests.framework in Frameworks */ = {isa = PBXBuildFile; fileRef = 6367D48809821F484A157599 /* Pods_PureLabelTests.framework */; };
		AC1A83D42CA3D3CA00D6710D /* LoginViewController.swift in Sources */ = {isa = PBXBuildFile; fileRef = AC1A83D32CA3D3CA00D6710D /* LoginViewController.swift */; };
		AC1A83D72CA3D51300D6710D /* UIColor.swift in Sources */ = {isa = PBXBuildFile; fileRef = AC1A83D62CA3D51300D6710D /* UIColor.swift */; };
		AC1A83D92CA6EC7B00D6710D /* SignupViewController.swift in Sources */ = {isa = PBXBuildFile; fileRef = AC1A83D82CA6EC7B00D6710D /* SignupViewController.swift */; };
		AC1A83DB2CA6F45500D6710D /* NavigationBar.swift in Sources */ = {isa = PBXBuildFile; fileRef = AC1A83DA2CA6F45500D6710D /* NavigationBar.swift */; };
		AC1A83DD2CA7092500D6710D /* SignupViewController2.swift in Sources */ = {isa = PBXBuildFile; fileRef = AC1A83DC2CA7092500D6710D /* SignupViewController2.swift */; };
		AC1A83DF2CA71F6E00D6710D /* ApiClient.swift in Sources */ = {isa = PBXBuildFile; fileRef = AC1A83DE2CA71F6E00D6710D /* ApiClient.swift */; };
		AC1A83E12CA71FCB00D6710D /* ApiModel.swift in Sources */ = {isa = PBXBuildFile; fileRef = AC1A83E02CA71FCB00D6710D /* ApiModel.swift */; };
		AC1A83E92CA7D31D00D6710D /* TagCell.swift in Sources */ = {isa = PBXBuildFile; fileRef = AC1A83E82CA7D31D00D6710D /* TagCell.swift */; };
		AC1A83EB2CA7DBE400D6710D /* LeftAlignedCollectionViewFlowLayout.swift in Sources */ = {isa = PBXBuildFile; fileRef = AC1A83EA2CA7DBE300D6710D /* LeftAlignedCollectionViewFlowLayout.swift */; };
		AC1A83ED2CA7DD9F00D6710D /* TabBarController.swift in Sources */ = {isa = PBXBuildFile; fileRef = AC1A83EC2CA7DD9F00D6710D /* TabBarController.swift */; };
		AC1A83EF2CA7DDCE00D6710D /* HomeViewController.swift in Sources */ = {isa = PBXBuildFile; fileRef = AC1A83EE2CA7DDCE00D6710D /* HomeViewController.swift */; };
		AC1A83F22CA7DDF400D6710D /* CameraViewController.swift in Sources */ = {isa = PBXBuildFile; fileRef = AC1A83F12CA7DDF400D6710D /* CameraViewController.swift */; };
		AC1A83F42CA7DE0A00D6710D /* CommunityViewController.swift in Sources */ = {isa = PBXBuildFile; fileRef = AC1A83F32CA7DE0A00D6710D /* CommunityViewController.swift */; };
		AC1A83F62CA7DE1600D6710D /* ProfileViewController.swift in Sources */ = {isa = PBXBuildFile; fileRef = AC1A83F52CA7DE1600D6710D /* ProfileViewController.swift */; };
		ACE77F772C414DFD001B5A0F /* AppDelegate.swift in Sources */ = {isa = PBXBuildFile; fileRef = ACE77F762C414DFD001B5A0F /* AppDelegate.swift */; };
		ACE77F792C414DFD001B5A0F /* SceneDelegate.swift in Sources */ = {isa = PBXBuildFile; fileRef = ACE77F782C414DFD001B5A0F /* SceneDelegate.swift */; };
		ACE77F7E2C414DFD001B5A0F /* Base in Resources */ = {isa = PBXBuildFile; fileRef = ACE77F7D2C414DFD001B5A0F /* Base */; };
		ACE77F802C414DFF001B5A0F /* Assets.xcassets in Resources */ = {isa = PBXBuildFile; fileRef = ACE77F7F2C414DFF001B5A0F /* Assets.xcassets */; };
		ACE77F832C414DFF001B5A0F /* Base in Resources */ = {isa = PBXBuildFile; fileRef = ACE77F822C414DFF001B5A0F /* Base */; };
		ACE77F8E2C414DFF001B5A0F /* PureLabelTests.swift in Sources */ = {isa = PBXBuildFile; fileRef = ACE77F8D2C414DFF001B5A0F /* PureLabelTests.swift */; };
		ACE77F982C414DFF001B5A0F /* PureLabelUITests.swift in Sources */ = {isa = PBXBuildFile; fileRef = ACE77F972C414DFF001B5A0F /* PureLabelUITests.swift */; };
		ACE77F9A2C414DFF001B5A0F /* PureLabelUITestsLaunchTests.swift in Sources */ = {isa = PBXBuildFile; fileRef = ACE77F992C414DFF001B5A0F /* PureLabelUITestsLaunchTests.swift */; };
/* End PBXBuildFile section */

/* Begin PBXContainerItemProxy section */
		ACE77F8A2C414DFF001B5A0F /* PBXContainerItemProxy */ = {
			isa = PBXContainerItemProxy;
			containerPortal = ACE77F6B2C414DFD001B5A0F /* Project object */;
			proxyType = 1;
			remoteGlobalIDString = ACE77F722C414DFD001B5A0F;
			remoteInfo = PureLabel;
		};
		ACE77F942C414DFF001B5A0F /* PBXContainerItemProxy */ = {
			isa = PBXContainerItemProxy;
			containerPortal = ACE77F6B2C414DFD001B5A0F /* Project object */;
			proxyType = 1;
			remoteGlobalIDString = ACE77F722C414DFD001B5A0F;
			remoteInfo = PureLabel;
		};
/* End PBXContainerItemProxy section */

/* Begin PBXFileReference section */
		19269CA9CDFA49D7C315EBE0 /* Pods_PureLabel_PureLabelUITests.framework */ = {isa = PBXFileReference; explicitFileType = wrapper.framework; includeInIndex = 0; path = Pods_PureLabel_PureLabelUITests.framework; sourceTree = BUILT_PRODUCTS_DIR; };
		6367D48809821F484A157599 /* Pods_PureLabelTests.framework */ = {isa = PBXFileReference; explicitFileType = wrapper.framework; includeInIndex = 0; path = Pods_PureLabelTests.framework; sourceTree = BUILT_PRODUCTS_DIR; };
		717B7367F4CDF77608B7BF32 /* Pods-PureLabel.debug.xcconfig */ = {isa = PBXFileReference; includeInIndex = 1; lastKnownFileType = text.xcconfig; name = "Pods-PureLabel.debug.xcconfig"; path = "Target Support Files/Pods-PureLabel/Pods-PureLabel.debug.xcconfig"; sourceTree = "<group>"; };
		74F83822E133FB8EFF5A4741 /* Pods-PureLabel.release.xcconfig */ = {isa = PBXFileReference; includeInIndex = 1; lastKnownFileType = text.xcconfig; name = "Pods-PureLabel.release.xcconfig"; path = "Target Support Files/Pods-PureLabel/Pods-PureLabel.release.xcconfig"; sourceTree = "<group>"; };
		7874F8D11FF030A533870CE7 /* Pods-PureLabel-PureLabelUITests.release.xcconfig */ = {isa = PBXFileReference; includeInIndex = 1; lastKnownFileType = text.xcconfig; name = "Pods-PureLabel-PureLabelUITests.release.xcconfig"; path = "Target Support Files/Pods-PureLabel-PureLabelUITests/Pods-PureLabel-PureLabelUITests.release.xcconfig"; sourceTree = "<group>"; };
		878B896054E706460985D9A7 /* Pods-PureLabelTests.debug.xcconfig */ = {isa = PBXFileReference; includeInIndex = 1; lastKnownFileType = text.xcconfig; name = "Pods-PureLabelTests.debug.xcconfig"; path = "Target Support Files/Pods-PureLabelTests/Pods-PureLabelTests.debug.xcconfig"; sourceTree = "<group>"; };
		8E5BC6FF846267C73F9E6381 /* Pods_PureLabel.framework */ = {isa = PBXFileReference; explicitFileType = wrapper.framework; includeInIndex = 0; path = Pods_PureLabel.framework; sourceTree = BUILT_PRODUCTS_DIR; };
		AC1A83D32CA3D3CA00D6710D /* LoginViewController.swift */ = {isa = PBXFileReference; lastKnownFileType = sourcecode.swift; path = LoginViewController.swift; sourceTree = "<group>"; };
		AC1A83D62CA3D51300D6710D /* UIColor.swift */ = {isa = PBXFileReference; lastKnownFileType = sourcecode.swift; path = UIColor.swift; sourceTree = "<group>"; };
		AC1A83D82CA6EC7B00D6710D /* SignupViewController.swift */ = {isa = PBXFileReference; lastKnownFileType = sourcecode.swift; path = SignupViewController.swift; sourceTree = "<group>"; };
		AC1A83DA2CA6F45500D6710D /* NavigationBar.swift */ = {isa = PBXFileReference; lastKnownFileType = sourcecode.swift; path = NavigationBar.swift; sourceTree = "<group>"; };
		AC1A83DC2CA7092500D6710D /* SignupViewController2.swift */ = {isa = PBXFileReference; lastKnownFileType = sourcecode.swift; path = SignupViewController2.swift; sourceTree = "<group>"; };
		AC1A83DE2CA71F6E00D6710D /* ApiClient.swift */ = {isa = PBXFileReference; lastKnownFileType = sourcecode.swift; path = ApiClient.swift; sourceTree = "<group>"; };
		AC1A83E02CA71FCB00D6710D /* ApiModel.swift */ = {isa = PBXFileReference; lastKnownFileType = sourcecode.swift; path = ApiModel.swift; sourceTree = "<group>"; };
		AC1A83E82CA7D31D00D6710D /* TagCell.swift */ = {isa = PBXFileReference; lastKnownFileType = sourcecode.swift; path = TagCell.swift; sourceTree = "<group>"; };
		AC1A83EA2CA7DBE300D6710D /* LeftAlignedCollectionViewFlowLayout.swift */ = {isa = PBXFileReference; lastKnownFileType = sourcecode.swift; path = LeftAlignedCollectionViewFlowLayout.swift; sourceTree = "<group>"; };
		AC1A83EC2CA7DD9F00D6710D /* TabBarController.swift */ = {isa = PBXFileReference; lastKnownFileType = sourcecode.swift; path = TabBarController.swift; sourceTree = "<group>"; };
		AC1A83EE2CA7DDCE00D6710D /* HomeViewController.swift */ = {isa = PBXFileReference; lastKnownFileType = sourcecode.swift; path = HomeViewController.swift; sourceTree = "<group>"; };
		AC1A83F12CA7DDF400D6710D /* CameraViewController.swift */ = {isa = PBXFileReference; lastKnownFileType = sourcecode.swift; path = CameraViewController.swift; sourceTree = "<group>"; };
		AC1A83F32CA7DE0A00D6710D /* CommunityViewController.swift */ = {isa = PBXFileReference; lastKnownFileType = sourcecode.swift; path = CommunityViewController.swift; sourceTree = "<group>"; };
		AC1A83F52CA7DE1600D6710D /* ProfileViewController.swift */ = {isa = PBXFileReference; lastKnownFileType = sourcecode.swift; path = ProfileViewController.swift; sourceTree = "<group>"; };
		ACE77F732C414DFD001B5A0F /* PureLabel.app */ = {isa = PBXFileReference; explicitFileType = wrapper.application; includeInIndex = 0; path = PureLabel.app; sourceTree = BUILT_PRODUCTS_DIR; };
		ACE77F762C414DFD001B5A0F /* AppDelegate.swift */ = {isa = PBXFileReference; lastKnownFileType = sourcecode.swift; path = AppDelegate.swift; sourceTree = "<group>"; };
		ACE77F782C414DFD001B5A0F /* SceneDelegate.swift */ = {isa = PBXFileReference; lastKnownFileType = sourcecode.swift; path = SceneDelegate.swift; sourceTree = "<group>"; };
		ACE77F7D2C414DFD001B5A0F /* Base */ = {isa = PBXFileReference; lastKnownFileType = file.storyboard; name = Base; path = Base.lproj/Main.storyboard; sourceTree = "<group>"; };
		ACE77F7F2C414DFF001B5A0F /* Assets.xcassets */ = {isa = PBXFileReference; lastKnownFileType = folder.assetcatalog; path = Assets.xcassets; sourceTree = "<group>"; };
		ACE77F822C414DFF001B5A0F /* Base */ = {isa = PBXFileReference; lastKnownFileType = file.storyboard; name = Base; path = Base.lproj/LaunchScreen.storyboard; sourceTree = "<group>"; };
		ACE77F842C414DFF001B5A0F /* Info.plist */ = {isa = PBXFileReference; lastKnownFileType = text.plist.xml; path = Info.plist; sourceTree = "<group>"; };
		ACE77F892C414DFF001B5A0F /* PureLabelTests.xctest */ = {isa = PBXFileReference; explicitFileType = wrapper.cfbundle; includeInIndex = 0; path = PureLabelTests.xctest; sourceTree = BUILT_PRODUCTS_DIR; };
		ACE77F8D2C414DFF001B5A0F /* PureLabelTests.swift */ = {isa = PBXFileReference; lastKnownFileType = sourcecode.swift; path = PureLabelTests.swift; sourceTree = "<group>"; };
		ACE77F932C414DFF001B5A0F /* PureLabelUITests.xctest */ = {isa = PBXFileReference; explicitFileType = wrapper.cfbundle; includeInIndex = 0; path = PureLabelUITests.xctest; sourceTree = BUILT_PRODUCTS_DIR; };
		ACE77F972C414DFF001B5A0F /* PureLabelUITests.swift */ = {isa = PBXFileReference; lastKnownFileType = sourcecode.swift; path = PureLabelUITests.swift; sourceTree = "<group>"; };
		ACE77F992C414DFF001B5A0F /* PureLabelUITestsLaunchTests.swift */ = {isa = PBXFileReference; lastKnownFileType = sourcecode.swift; path = PureLabelUITestsLaunchTests.swift; sourceTree = "<group>"; };
		C87BEA105E4747614C186812 /* Pods-PureLabelTests.release.xcconfig */ = {isa = PBXFileReference; includeInIndex = 1; lastKnownFileType = text.xcconfig; name = "Pods-PureLabelTests.release.xcconfig"; path = "Target Support Files/Pods-PureLabelTests/Pods-PureLabelTests.release.xcconfig"; sourceTree = "<group>"; };
		F538530FAFECD221DED7F7D8 /* Pods-PureLabel-PureLabelUITests.debug.xcconfig */ = {isa = PBXFileReference; includeInIndex = 1; lastKnownFileType = text.xcconfig; name = "Pods-PureLabel-PureLabelUITests.debug.xcconfig"; path = "Target Support Files/Pods-PureLabel-PureLabelUITests/Pods-PureLabel-PureLabelUITests.debug.xcconfig"; sourceTree = "<group>"; };
/* End PBXFileReference section */

/* Begin PBXFrameworksBuildPhase section */
		ACE77F702C414DFD001B5A0F /* Frameworks */ = {
			isa = PBXFrameworksBuildPhase;
			buildActionMask = 2147483647;
			files = (
				6809351D6A6EF0B4F557B84A /* Pods_PureLabel.framework in Frameworks */,
			);
			runOnlyForDeploymentPostprocessing = 0;
		};
		ACE77F862C414DFF001B5A0F /* Frameworks */ = {
			isa = PBXFrameworksBuildPhase;
			buildActionMask = 2147483647;
			files = (
				9684293BA91814AC88C39B30 /* Pods_PureLabelTests.framework in Frameworks */,
			);
			runOnlyForDeploymentPostprocessing = 0;
		};
		ACE77F902C414DFF001B5A0F /* Frameworks */ = {
			isa = PBXFrameworksBuildPhase;
			buildActionMask = 2147483647;
			files = (
				76AD5D551748641D89945836 /* Pods_PureLabel_PureLabelUITests.framework in Frameworks */,
			);
			runOnlyForDeploymentPostprocessing = 0;
		};
/* End PBXFrameworksBuildPhase section */

/* Begin PBXGroup section */
		4F21875CE56CF45A9335A674 /* Pods */ = {
			isa = PBXGroup;
			children = (
				717B7367F4CDF77608B7BF32 /* Pods-PureLabel.debug.xcconfig */,
				74F83822E133FB8EFF5A4741 /* Pods-PureLabel.release.xcconfig */,
				F538530FAFECD221DED7F7D8 /* Pods-PureLabel-PureLabelUITests.debug.xcconfig */,
				7874F8D11FF030A533870CE7 /* Pods-PureLabel-PureLabelUITests.release.xcconfig */,
				878B896054E706460985D9A7 /* Pods-PureLabelTests.debug.xcconfig */,
				C87BEA105E4747614C186812 /* Pods-PureLabelTests.release.xcconfig */,
			);
			path = Pods;
			sourceTree = "<group>";
		};
		695BA37A41701D31DEF0D0EA /* Frameworks */ = {
			isa = PBXGroup;
			children = (
				8E5BC6FF846267C73F9E6381 /* Pods_PureLabel.framework */,
				19269CA9CDFA49D7C315EBE0 /* Pods_PureLabel_PureLabelUITests.framework */,
				6367D48809821F484A157599 /* Pods_PureLabelTests.framework */,
			);
			name = Frameworks;
			sourceTree = "<group>";
		};
		AC1A83D52CA3D4FB00D6710D /* Extension */ = {
			isa = PBXGroup;
			children = (
				AC1A83D62CA3D51300D6710D /* UIColor.swift */,
				AC1A83EA2CA7DBE300D6710D /* LeftAlignedCollectionViewFlowLayout.swift */,
			);
			path = Extension;
			sourceTree = "<group>";
		};
		AC1A83E22CA7D25000D6710D /* Cell */ = {
			isa = PBXGroup;
			children = (
				AC1A83E82CA7D31D00D6710D /* TagCell.swift */,
			);
			path = Cell;
			sourceTree = "<group>";
		};
		AC1A83E32CA7D26C00D6710D /* Application */ = {
			isa = PBXGroup;
			children = (
				ACE77F782C414DFD001B5A0F /* SceneDelegate.swift */,
				ACE77F762C414DFD001B5A0F /* AppDelegate.swift */,
			);
			path = Application;
			sourceTree = "<group>";
		};
		AC1A83E42CA7D28C00D6710D /* Auth */ = {
			isa = PBXGroup;
			children = (
				AC1A83DC2CA7092500D6710D /* SignupViewController2.swift */,
				AC1A83D82CA6EC7B00D6710D /* SignupViewController.swift */,
				AC1A83D32CA3D3CA00D6710D /* LoginViewController.swift */,
			);
			path = Auth;
			sourceTree = "<group>";
		};
		AC1A83E52CA7D2A800D6710D /* Api */ = {
			isa = PBXGroup;
			children = (
				AC1A83E02CA71FCB00D6710D /* ApiModel.swift */,
				AC1A83DE2CA71F6E00D6710D /* ApiClient.swift */,
			);
			path = Api;
			sourceTree = "<group>";
		};
		AC1A83E62CA7D2CD00D6710D /* ViewControllers */ = {
			isa = PBXGroup;
			children = (
				AC1A83E42CA7D28C00D6710D /* Auth */,
				AC1A83EC2CA7DD9F00D6710D /* TabBarController.swift */,
				AC1A83EE2CA7DDCE00D6710D /* HomeViewController.swift */,
				AC1A83F12CA7DDF400D6710D /* CameraViewController.swift */,
				AC1A83F32CA7DE0A00D6710D /* CommunityViewController.swift */,
				AC1A83F52CA7DE1600D6710D /* ProfileViewController.swift */,
			);
			path = ViewControllers;
			sourceTree = "<group>";
		};
		AC1A83E72CA7D2D800D6710D /* Views */ = {
			isa = PBXGroup;
			children = (
				AC1A83DA2CA6F45500D6710D /* NavigationBar.swift */,
			);
			path = Views;
			sourceTree = "<group>";
		};
		ACE77F6A2C414DFD001B5A0F = {
			isa = PBXGroup;
			children = (
				ACE77F752C414DFD001B5A0F /* PureLabel */,
				ACE77F8C2C414DFF001B5A0F /* PureLabelTests */,
				ACE77F962C414DFF001B5A0F /* PureLabelUITests */,
				ACE77F742C414DFD001B5A0F /* Products */,
				4F21875CE56CF45A9335A674 /* Pods */,
				695BA37A41701D31DEF0D0EA /* Frameworks */,
			);
			sourceTree = "<group>";
		};
		ACE77F742C414DFD001B5A0F /* Products */ = {
			isa = PBXGroup;
			children = (
				ACE77F732C414DFD001B5A0F /* PureLabel.app */,
				ACE77F892C414DFF001B5A0F /* PureLabelTests.xctest */,
				ACE77F932C414DFF001B5A0F /* PureLabelUITests.xctest */,
			);
			name = Products;
			sourceTree = "<group>";
		};
		ACE77F752C414DFD001B5A0F /* PureLabel */ = {
			isa = PBXGroup;
			children = (
				AC1A83E72CA7D2D800D6710D /* Views */,
				AC1A83E62CA7D2CD00D6710D /* ViewControllers */,
				AC1A83E52CA7D2A800D6710D /* Api */,
				AC1A83E32CA7D26C00D6710D /* Application */,
				AC1A83E22CA7D25000D6710D /* Cell */,
				AC1A83D52CA3D4FB00D6710D /* Extension */,
				ACE77F7C2C414DFD001B5A0F /* Main.storyboard */,
				ACE77F7F2C414DFF001B5A0F /* Assets.xcassets */,
				ACE77F812C414DFF001B5A0F /* LaunchScreen.storyboard */,
				ACE77F842C414DFF001B5A0F /* Info.plist */,
			);
			path = PureLabel;
			sourceTree = "<group>";
		};
		ACE77F8C2C414DFF001B5A0F /* PureLabelTests */ = {
			isa = PBXGroup;
			children = (
				ACE77F8D2C414DFF001B5A0F /* PureLabelTests.swift */,
			);
			path = PureLabelTests;
			sourceTree = "<group>";
		};
		ACE77F962C414DFF001B5A0F /* PureLabelUITests */ = {
			isa = PBXGroup;
			children = (
				ACE77F972C414DFF001B5A0F /* PureLabelUITests.swift */,
				ACE77F992C414DFF001B5A0F /* PureLabelUITestsLaunchTests.swift */,
			);
			path = PureLabelUITests;
			sourceTree = "<group>";
		};
/* End PBXGroup section */

/* Begin PBXNativeTarget section */
		ACE77F722C414DFD001B5A0F /* PureLabel */ = {
			isa = PBXNativeTarget;
			buildConfigurationList = ACE77F9D2C414DFF001B5A0F /* Build configuration list for PBXNativeTarget "PureLabel" */;
			buildPhases = (
				68B441BD8CEA92DE47C70ECE /* [CP] Check Pods Manifest.lock */,
				ACE77F6F2C414DFD001B5A0F /* Sources */,
				ACE77F702C414DFD001B5A0F /* Frameworks */,
				ACE77F712C414DFD001B5A0F /* Resources */,
				EFEC161375E0EFC4293B4BA2 /* [CP] Embed Pods Frameworks */,
			);
			buildRules = (
			);
			dependencies = (
			);
			name = PureLabel;
			productName = PureLabel;
			productReference = ACE77F732C414DFD001B5A0F /* PureLabel.app */;
			productType = "com.apple.product-type.application";
		};
		ACE77F882C414DFF001B5A0F /* PureLabelTests */ = {
			isa = PBXNativeTarget;
			buildConfigurationList = ACE77FA02C414DFF001B5A0F /* Build configuration list for PBXNativeTarget "PureLabelTests" */;
			buildPhases = (
				C4632CFBB98B0C854F121FFC /* [CP] Check Pods Manifest.lock */,
				ACE77F852C414DFF001B5A0F /* Sources */,
				ACE77F862C414DFF001B5A0F /* Frameworks */,
				ACE77F872C414DFF001B5A0F /* Resources */,
			);
			buildRules = (
			);
			dependencies = (
				ACE77F8B2C414DFF001B5A0F /* PBXTargetDependency */,
			);
			name = PureLabelTests;
			productName = PureLabelTests;
			productReference = ACE77F892C414DFF001B5A0F /* PureLabelTests.xctest */;
			productType = "com.apple.product-type.bundle.unit-test";
		};
		ACE77F922C414DFF001B5A0F /* PureLabelUITests */ = {
			isa = PBXNativeTarget;
			buildConfigurationList = ACE77FA32C414DFF001B5A0F /* Build configuration list for PBXNativeTarget "PureLabelUITests" */;
			buildPhases = (
				2B74498D2A1E04F35ECAA602 /* [CP] Check Pods Manifest.lock */,
				ACE77F8F2C414DFF001B5A0F /* Sources */,
				ACE77F902C414DFF001B5A0F /* Frameworks */,
				ACE77F912C414DFF001B5A0F /* Resources */,
				620448013F554B5C764D554A /* [CP] Embed Pods Frameworks */,
			);
			buildRules = (
			);
			dependencies = (
				ACE77F952C414DFF001B5A0F /* PBXTargetDependency */,
			);
			name = PureLabelUITests;
			productName = PureLabelUITests;
			productReference = ACE77F932C414DFF001B5A0F /* PureLabelUITests.xctest */;
			productType = "com.apple.product-type.bundle.ui-testing";
		};
/* End PBXNativeTarget section */

/* Begin PBXProject section */
		ACE77F6B2C414DFD001B5A0F /* Project object */ = {
			isa = PBXProject;
			attributes = {
				BuildIndependentTargetsInParallel = 1;
				LastSwiftUpdateCheck = 1540;
				LastUpgradeCheck = 1540;
				TargetAttributes = {
					ACE77F722C414DFD001B5A0F = {
						CreatedOnToolsVersion = 15.4;
					};
					ACE77F882C414DFF001B5A0F = {
						CreatedOnToolsVersion = 15.4;
						TestTargetID = ACE77F722C414DFD001B5A0F;
					};
					ACE77F922C414DFF001B5A0F = {
						CreatedOnToolsVersion = 15.4;
						TestTargetID = ACE77F722C414DFD001B5A0F;
					};
				};
			};
			buildConfigurationList = ACE77F6E2C414DFD001B5A0F /* Build configuration list for PBXProject "PureLabel" */;
			compatibilityVersion = "Xcode 14.0";
			developmentRegion = en;
			hasScannedForEncodings = 0;
			knownRegions = (
				en,
				Base,
			);
			mainGroup = ACE77F6A2C414DFD001B5A0F;
			productRefGroup = ACE77F742C414DFD001B5A0F /* Products */;
			projectDirPath = "";
			projectRoot = "";
			targets = (
				ACE77F722C414DFD001B5A0F /* PureLabel */,
				ACE77F882C414DFF001B5A0F /* PureLabelTests */,
				ACE77F922C414DFF001B5A0F /* PureLabelUITests */,
			);
		};
/* End PBXProject section */

/* Begin PBXResourcesBuildPhase section */
		ACE77F712C414DFD001B5A0F /* Resources */ = {
			isa = PBXResourcesBuildPhase;
			buildActionMask = 2147483647;
			files = (
				ACE77F802C414DFF001B5A0F /* Assets.xcassets in Resources */,
				ACE77F832C414DFF001B5A0F /* Base in Resources */,
				ACE77F7E2C414DFD001B5A0F /* Base in Resources */,
			);
			runOnlyForDeploymentPostprocessing = 0;
		};
		ACE77F872C414DFF001B5A0F /* Resources */ = {
			isa = PBXResourcesBuildPhase;
			buildActionMask = 2147483647;
			files = (
			);
			runOnlyForDeploymentPostprocessing = 0;
		};
		ACE77F912C414DFF001B5A0F /* Resources */ = {
			isa = PBXResourcesBuildPhase;
			buildActionMask = 2147483647;
			files = (
			);
			runOnlyForDeploymentPostprocessing = 0;
		};
/* End PBXResourcesBuildPhase section */

/* Begin PBXShellScriptBuildPhase section */
		2B74498D2A1E04F35ECAA602 /* [CP] Check Pods Manifest.lock */ = {
			isa = PBXShellScriptBuildPhase;
			buildActionMask = 2147483647;
			files = (
			);
			inputFileListPaths = (
			);
			inputPaths = (
				"${PODS_PODFILE_DIR_PATH}/Podfile.lock",
				"${PODS_ROOT}/Manifest.lock",
			);
			name = "[CP] Check Pods Manifest.lock";
			outputFileListPaths = (
			);
			outputPaths = (
				"$(DERIVED_FILE_DIR)/Pods-PureLabel-PureLabelUITests-checkManifestLockResult.txt",
			);
			runOnlyForDeploymentPostprocessing = 0;
			shellPath = /bin/sh;
			shellScript = "diff \"${PODS_PODFILE_DIR_PATH}/Podfile.lock\" \"${PODS_ROOT}/Manifest.lock\" > /dev/null\nif [ $? != 0 ] ; then\n    # print error to STDERR\n    echo \"error: The sandbox is not in sync with the Podfile.lock. Run 'pod install' or update your CocoaPods installation.\" >&2\n    exit 1\nfi\n# This output is used by Xcode 'outputs' to avoid re-running this script phase.\necho \"SUCCESS\" > \"${SCRIPT_OUTPUT_FILE_0}\"\n";
			showEnvVarsInLog = 0;
		};
		620448013F554B5C764D554A /* [CP] Embed Pods Frameworks */ = {
			isa = PBXShellScriptBuildPhase;
			buildActionMask = 2147483647;
			files = (
			);
			inputFileListPaths = (
				"${PODS_ROOT}/Target Support Files/Pods-PureLabel-PureLabelUITests/Pods-PureLabel-PureLabelUITests-frameworks-${CONFIGURATION}-input-files.xcfilelist",
			);
			name = "[CP] Embed Pods Frameworks";
			outputFileListPaths = (
				"${PODS_ROOT}/Target Support Files/Pods-PureLabel-PureLabelUITests/Pods-PureLabel-PureLabelUITests-frameworks-${CONFIGURATION}-output-files.xcfilelist",
			);
			runOnlyForDeploymentPostprocessing = 0;
			shellPath = /bin/sh;
			shellScript = "\"${PODS_ROOT}/Target Support Files/Pods-PureLabel-PureLabelUITests/Pods-PureLabel-PureLabelUITests-frameworks.sh\"\n";
			showEnvVarsInLog = 0;
		};
		68B441BD8CEA92DE47C70ECE /* [CP] Check Pods Manifest.lock */ = {
			isa = PBXShellScriptBuildPhase;
			buildActionMask = 2147483647;
			files = (
			);
			inputFileListPaths = (
			);
			inputPaths = (
				"${PODS_PODFILE_DIR_PATH}/Podfile.lock",
				"${PODS_ROOT}/Manifest.lock",
			);
			name = "[CP] Check Pods Manifest.lock";
			outputFileListPaths = (
			);
			outputPaths = (
				"$(DERIVED_FILE_DIR)/Pods-PureLabel-checkManifestLockResult.txt",
			);
			runOnlyForDeploymentPostprocessing = 0;
			shellPath = /bin/sh;
			shellScript = "diff \"${PODS_PODFILE_DIR_PATH}/Podfile.lock\" \"${PODS_ROOT}/Manifest.lock\" > /dev/null\nif [ $? != 0 ] ; then\n    # print error to STDERR\n    echo \"error: The sandbox is not in sync with the Podfile.lock. Run 'pod install' or update your CocoaPods installation.\" >&2\n    exit 1\nfi\n# This output is used by Xcode 'outputs' to avoid re-running this script phase.\necho \"SUCCESS\" > \"${SCRIPT_OUTPUT_FILE_0}\"\n";
			showEnvVarsInLog = 0;
		};
		C4632CFBB98B0C854F121FFC /* [CP] Check Pods Manifest.lock */ = {
			isa = PBXShellScriptBuildPhase;
			buildActionMask = 2147483647;
			files = (
			);
			inputFileListPaths = (
			);
			inputPaths = (
				"${PODS_PODFILE_DIR_PATH}/Podfile.lock",
				"${PODS_ROOT}/Manifest.lock",
			);
			name = "[CP] Check Pods Manifest.lock";
			outputFileListPaths = (
			);
			outputPaths = (
				"$(DERIVED_FILE_DIR)/Pods-PureLabelTests-checkManifestLockResult.txt",
			);
			runOnlyForDeploymentPostprocessing = 0;
			shellPath = /bin/sh;
			shellScript = "diff \"${PODS_PODFILE_DIR_PATH}/Podfile.lock\" \"${PODS_ROOT}/Manifest.lock\" > /dev/null\nif [ $? != 0 ] ; then\n    # print error to STDERR\n    echo \"error: The sandbox is not in sync with the Podfile.lock. Run 'pod install' or update your CocoaPods installation.\" >&2\n    exit 1\nfi\n# This output is used by Xcode 'outputs' to avoid re-running this script phase.\necho \"SUCCESS\" > \"${SCRIPT_OUTPUT_FILE_0}\"\n";
			showEnvVarsInLog = 0;
		};
		EFEC161375E0EFC4293B4BA2 /* [CP] Embed Pods Frameworks */ = {
			isa = PBXShellScriptBuildPhase;
			buildActionMask = 2147483647;
			files = (
			);
			inputFileListPaths = (
				"${PODS_ROOT}/Target Support Files/Pods-PureLabel/Pods-PureLabel-frameworks-${CONFIGURATION}-input-files.xcfilelist",
			);
			name = "[CP] Embed Pods Frameworks";
			outputFileListPaths = (
				"${PODS_ROOT}/Target Support Files/Pods-PureLabel/Pods-PureLabel-frameworks-${CONFIGURATION}-output-files.xcfilelist",
			);
			runOnlyForDeploymentPostprocessing = 0;
			shellPath = /bin/sh;
			shellScript = "\"${PODS_ROOT}/Target Support Files/Pods-PureLabel/Pods-PureLabel-frameworks.sh\"\n";
			showEnvVarsInLog = 0;
		};
/* End PBXShellScriptBuildPhase section */

/* Begin PBXSourcesBuildPhase section */
		ACE77F6F2C414DFD001B5A0F /* Sources */ = {
			isa = PBXSourcesBuildPhase;
			buildActionMask = 2147483647;
			files = (
				AC1A83D92CA6EC7B00D6710D /* SignupViewController.swift in Sources */,
				AC1A83D42CA3D3CA00D6710D /* LoginViewController.swift in Sources */,
				AC1A83E92CA7D31D00D6710D /* TagCell.swift in Sources */,
				AC1A83EB2CA7DBE400D6710D /* LeftAlignedCollectionViewFlowLayout.swift in Sources */,
				AC1A83DF2CA71F6E00D6710D /* ApiClient.swift in Sources */,
				AC1A83E12CA71FCB00D6710D /* ApiModel.swift in Sources */,
				AC1A83F62CA7DE1600D6710D /* ProfileViewController.swift in Sources */,
				ACE77F772C414DFD001B5A0F /* AppDelegate.swift in Sources */,
				AC1A83DB2CA6F45500D6710D /* NavigationBar.swift in Sources */,
				AC1A83F42CA7DE0A00D6710D /* CommunityViewController.swift in Sources */,
				AC1A83DD2CA7092500D6710D /* SignupViewController2.swift in Sources */,
				AC1A83ED2CA7DD9F00D6710D /* TabBarController.swift in Sources */,
				ACE77F792C414DFD001B5A0F /* SceneDelegate.swift in Sources */,
				AC1A83F22CA7DDF400D6710D /* CameraViewController.swift in Sources */,
				AC1A83EF2CA7DDCE00D6710D /* HomeViewController.swift in Sources */,
				AC1A83D72CA3D51300D6710D /* UIColor.swift in Sources */,
			);
			runOnlyForDeploymentPostprocessing = 0;
		};
		ACE77F852C414DFF001B5A0F /* Sources */ = {
			isa = PBXSourcesBuildPhase;
			buildActionMask = 2147483647;
			files = (
				ACE77F8E2C414DFF001B5A0F /* PureLabelTests.swift in Sources */,
			);
			runOnlyForDeploymentPostprocessing = 0;
		};
		ACE77F8F2C414DFF001B5A0F /* Sources */ = {
			isa = PBXSourcesBuildPhase;
			buildActionMask = 2147483647;
			files = (
				ACE77F982C414DFF001B5A0F /* PureLabelUITests.swift in Sources */,
				ACE77F9A2C414DFF001B5A0F /* PureLabelUITestsLaunchTests.swift in Sources */,
			);
			runOnlyForDeploymentPostprocessing = 0;
		};
/* End PBXSourcesBuildPhase section */

/* Begin PBXTargetDependency section */
		ACE77F8B2C414DFF001B5A0F /* PBXTargetDependency */ = {
			isa = PBXTargetDependency;
			target = ACE77F722C414DFD001B5A0F /* PureLabel */;
			targetProxy = ACE77F8A2C414DFF001B5A0F /* PBXContainerItemProxy */;
		};
		ACE77F952C414DFF001B5A0F /* PBXTargetDependency */ = {
			isa = PBXTargetDependency;
			target = ACE77F722C414DFD001B5A0F /* PureLabel */;
			targetProxy = ACE77F942C414DFF001B5A0F /* PBXContainerItemProxy */;
		};
/* End PBXTargetDependency section */

/* Begin PBXVariantGroup section */
		ACE77F7C2C414DFD001B5A0F /* Main.storyboard */ = {
			isa = PBXVariantGroup;
			children = (
				ACE77F7D2C414DFD001B5A0F /* Base */,
			);
			name = Main.storyboard;
			sourceTree = "<group>";
		};
		ACE77F812C414DFF001B5A0F /* LaunchScreen.storyboard */ = {
			isa = PBXVariantGroup;
			children = (
				ACE77F822C414DFF001B5A0F /* Base */,
			);
			name = LaunchScreen.storyboard;
			sourceTree = "<group>";
		};
/* End PBXVariantGroup section */

/* Begin XCBuildConfiguration section */
		ACE77F9B2C414DFF001B5A0F /* Debug */ = {
			isa = XCBuildConfiguration;
			buildSettings = {
				ALWAYS_SEARCH_USER_PATHS = NO;
				ASSETCATALOG_COMPILER_GENERATE_SWIFT_ASSET_SYMBOL_EXTENSIONS = YES;
				CLANG_ANALYZER_NONNULL = YES;
				CLANG_ANALYZER_NUMBER_OBJECT_CONVERSION = YES_AGGRESSIVE;
				CLANG_CXX_LANGUAGE_STANDARD = "gnu++20";
				CLANG_ENABLE_MODULES = YES;
				CLANG_ENABLE_OBJC_ARC = YES;
				CLANG_ENABLE_OBJC_WEAK = YES;
				CLANG_WARN_BLOCK_CAPTURE_AUTORELEASING = YES;
				CLANG_WARN_BOOL_CONVERSION = YES;
				CLANG_WARN_COMMA = YES;
				CLANG_WARN_CONSTANT_CONVERSION = YES;
				CLANG_WARN_DEPRECATED_OBJC_IMPLEMENTATIONS = YES;
				CLANG_WARN_DIRECT_OBJC_ISA_USAGE = YES_ERROR;
				CLANG_WARN_DOCUMENTATION_COMMENTS = YES;
				CLANG_WARN_EMPTY_BODY = YES;
				CLANG_WARN_ENUM_CONVERSION = YES;
				CLANG_WARN_INFINITE_RECURSION = YES;
				CLANG_WARN_INT_CONVERSION = YES;
				CLANG_WARN_NON_LITERAL_NULL_CONVERSION = YES;
				CLANG_WARN_OBJC_IMPLICIT_RETAIN_SELF = YES;
				CLANG_WARN_OBJC_LITERAL_CONVERSION = YES;
				CLANG_WARN_OBJC_ROOT_CLASS = YES_ERROR;
				CLANG_WARN_QUOTED_INCLUDE_IN_FRAMEWORK_HEADER = YES;
				CLANG_WARN_RANGE_LOOP_ANALYSIS = YES;
				CLANG_WARN_STRICT_PROTOTYPES = YES;
				CLANG_WARN_SUSPICIOUS_MOVE = YES;
				CLANG_WARN_UNGUARDED_AVAILABILITY = YES_AGGRESSIVE;
				CLANG_WARN_UNREACHABLE_CODE = YES;
				CLANG_WARN__DUPLICATE_METHOD_MATCH = YES;
				COPY_PHASE_STRIP = NO;
				DEBUG_INFORMATION_FORMAT = dwarf;
				ENABLE_STRICT_OBJC_MSGSEND = YES;
				ENABLE_TESTABILITY = YES;
				ENABLE_USER_SCRIPT_SANDBOXING = YES;
				GCC_C_LANGUAGE_STANDARD = gnu17;
				GCC_DYNAMIC_NO_PIC = NO;
				GCC_NO_COMMON_BLOCKS = YES;
				GCC_OPTIMIZATION_LEVEL = 0;
				GCC_PREPROCESSOR_DEFINITIONS = (
					"DEBUG=1",
					"$(inherited)",
				);
				GCC_WARN_64_TO_32_BIT_CONVERSION = YES;
				GCC_WARN_ABOUT_RETURN_TYPE = YES_ERROR;
				GCC_WARN_UNDECLARED_SELECTOR = YES;
				GCC_WARN_UNINITIALIZED_AUTOS = YES_AGGRESSIVE;
				GCC_WARN_UNUSED_FUNCTION = YES;
				GCC_WARN_UNUSED_VARIABLE = YES;
				IPHONEOS_DEPLOYMENT_TARGET = 17.5;
				LOCALIZATION_PREFERS_STRING_CATALOGS = YES;
				MTL_ENABLE_DEBUG_INFO = INCLUDE_SOURCE;
				MTL_FAST_MATH = YES;
				ONLY_ACTIVE_ARCH = YES;
				SDKROOT = iphoneos;
				SWIFT_ACTIVE_COMPILATION_CONDITIONS = "DEBUG $(inherited)";
				SWIFT_OPTIMIZATION_LEVEL = "-Onone";
			};
			name = Debug;
		};
		ACE77F9C2C414DFF001B5A0F /* Release */ = {
			isa = XCBuildConfiguration;
			buildSettings = {
				ALWAYS_SEARCH_USER_PATHS = NO;
				ASSETCATALOG_COMPILER_GENERATE_SWIFT_ASSET_SYMBOL_EXTENSIONS = YES;
				CLANG_ANALYZER_NONNULL = YES;
				CLANG_ANALYZER_NUMBER_OBJECT_CONVERSION = YES_AGGRESSIVE;
				CLANG_CXX_LANGUAGE_STANDARD = "gnu++20";
				CLANG_ENABLE_MODULES = YES;
				CLANG_ENABLE_OBJC_ARC = YES;
				CLANG_ENABLE_OBJC_WEAK = YES;
				CLANG_WARN_BLOCK_CAPTURE_AUTORELEASING = YES;
				CLANG_WARN_BOOL_CONVERSION = YES;
				CLANG_WARN_COMMA = YES;
				CLANG_WARN_CONSTANT_CONVERSION = YES;
				CLANG_WARN_DEPRECATED_OBJC_IMPLEMENTATIONS = YES;
				CLANG_WARN_DIRECT_OBJC_ISA_USAGE = YES_ERROR;
				CLANG_WARN_DOCUMENTATION_COMMENTS = YES;
				CLANG_WARN_EMPTY_BODY = YES;
				CLANG_WARN_ENUM_CONVERSION = YES;
				CLANG_WARN_INFINITE_RECURSION = YES;
				CLANG_WARN_INT_CONVERSION = YES;
				CLANG_WARN_NON_LITERAL_NULL_CONVERSION = YES;
				CLANG_WARN_OBJC_IMPLICIT_RETAIN_SELF = YES;
				CLANG_WARN_OBJC_LITERAL_CONVERSION = YES;
				CLANG_WARN_OBJC_ROOT_CLASS = YES_ERROR;
				CLANG_WARN_QUOTED_INCLUDE_IN_FRAMEWORK_HEADER = YES;
				CLANG_WARN_RANGE_LOOP_ANALYSIS = YES;
				CLANG_WARN_STRICT_PROTOTYPES = YES;
				CLANG_WARN_SUSPICIOUS_MOVE = YES;
				CLANG_WARN_UNGUARDED_AVAILABILITY = YES_AGGRESSIVE;
				CLANG_WARN_UNREACHABLE_CODE = YES;
				CLANG_WARN__DUPLICATE_METHOD_MATCH = YES;
				COPY_PHASE_STRIP = NO;
				DEBUG_INFORMATION_FORMAT = "dwarf-with-dsym";
				ENABLE_NS_ASSERTIONS = NO;
				ENABLE_STRICT_OBJC_MSGSEND = YES;
				ENABLE_USER_SCRIPT_SANDBOXING = YES;
				GCC_C_LANGUAGE_STANDARD = gnu17;
				GCC_NO_COMMON_BLOCKS = YES;
				GCC_WARN_64_TO_32_BIT_CONVERSION = YES;
				GCC_WARN_ABOUT_RETURN_TYPE = YES_ERROR;
				GCC_WARN_UNDECLARED_SELECTOR = YES;
				GCC_WARN_UNINITIALIZED_AUTOS = YES_AGGRESSIVE;
				GCC_WARN_UNUSED_FUNCTION = YES;
				GCC_WARN_UNUSED_VARIABLE = YES;
				IPHONEOS_DEPLOYMENT_TARGET = 17.5;
				LOCALIZATION_PREFERS_STRING_CATALOGS = YES;
				MTL_ENABLE_DEBUG_INFO = NO;
				MTL_FAST_MATH = YES;
				SDKROOT = iphoneos;
				SWIFT_COMPILATION_MODE = wholemodule;
				VALIDATE_PRODUCT = YES;
			};
			name = Release;
		};
		ACE77F9E2C414DFF001B5A0F /* Debug */ = {
			isa = XCBuildConfiguration;
			baseConfigurationReference = 717B7367F4CDF77608B7BF32 /* Pods-PureLabel.debug.xcconfig */;
			buildSettings = {
				ASSETCATALOG_COMPILER_APPICON_NAME = AppIcon;
				ASSETCATALOG_COMPILER_GLOBAL_ACCENT_COLOR_NAME = AccentColor;
				CODE_SIGN_STYLE = Automatic;
				CURRENT_PROJECT_VERSION = 1;
				DEVELOPMENT_TEAM = 9Z3AMNZ66F;
				ENABLE_USER_SCRIPT_SANDBOXING = NO;
				GENERATE_INFOPLIST_FILE = YES;
				INFOPLIST_FILE = PureLabel/Info.plist;
				INFOPLIST_KEY_UIApplicationSupportsIndirectInputEvents = YES;
				INFOPLIST_KEY_UILaunchStoryboardName = LaunchScreen;
				INFOPLIST_KEY_UIMainStoryboardFile = Main;
				INFOPLIST_KEY_UISupportedInterfaceOrientations_iPad = "UIInterfaceOrientationPortrait UIInterfaceOrientationPortraitUpsideDown UIInterfaceOrientationLandscapeLeft UIInterfaceOrientationLandscapeRight";
				INFOPLIST_KEY_UISupportedInterfaceOrientations_iPhone = "UIInterfaceOrientationPortrait UIInterfaceOrientationLandscapeLeft UIInterfaceOrientationLandscapeRight";
				LD_RUNPATH_SEARCH_PATHS = (
					"$(inherited)",
					"@executable_path/Frameworks",
				);
				MARKETING_VERSION = 1.0;
				PRODUCT_BUNDLE_IDENTIFIER = com.PureLabel;
				PRODUCT_NAME = "$(TARGET_NAME)";
				SWIFT_EMIT_LOC_STRINGS = YES;
				SWIFT_VERSION = 5.0;
				TARGETED_DEVICE_FAMILY = "1,2";
			};
			name = Debug;
		};
		ACE77F9F2C414DFF001B5A0F /* Release */ = {
			isa = XCBuildConfiguration;
			baseConfigurationReference = 74F83822E133FB8EFF5A4741 /* Pods-PureLabel.release.xcconfig */;
			buildSettings = {
				ASSETCATALOG_COMPILER_APPICON_NAME = AppIcon;
				ASSETCATALOG_COMPILER_GLOBAL_ACCENT_COLOR_NAME = AccentColor;
				CODE_SIGN_STYLE = Automatic;
				CURRENT_PROJECT_VERSION = 1;
				DEVELOPMENT_TEAM = 9Z3AMNZ66F;
				ENABLE_USER_SCRIPT_SANDBOXING = NO;
				GENERATE_INFOPLIST_FILE = YES;
				INFOPLIST_FILE = PureLabel/Info.plist;
				INFOPLIST_KEY_UIApplicationSupportsIndirectInputEvents = YES;
				INFOPLIST_KEY_UILaunchStoryboardName = LaunchScreen;
				INFOPLIST_KEY_UIMainStoryboardFile = Main;
				INFOPLIST_KEY_UISupportedInterfaceOrientations_iPad = "UIInterfaceOrientationPortrait UIInterfaceOrientationPortraitUpsideDown UIInterfaceOrientationLandscapeLeft UIInterfaceOrientationLandscapeRight";
				INFOPLIST_KEY_UISupportedInterfaceOrientations_iPhone = "UIInterfaceOrientationPortrait UIInterfaceOrientationLandscapeLeft UIInterfaceOrientationLandscapeRight";
				LD_RUNPATH_SEARCH_PATHS = (
					"$(inherited)",
					"@executable_path/Frameworks",
				);
				MARKETING_VERSION = 1.0;
				PRODUCT_BUNDLE_IDENTIFIER = com.PureLabel;
				PRODUCT_NAME = "$(TARGET_NAME)";
				SWIFT_EMIT_LOC_STRINGS = YES;
				SWIFT_VERSION = 5.0;
				TARGETED_DEVICE_FAMILY = "1,2";
			};
			name = Release;
		};
		ACE77FA12C414DFF001B5A0F /* Debug */ = {
			isa = XCBuildConfiguration;
			baseConfigurationReference = 878B896054E706460985D9A7 /* Pods-PureLabelTests.debug.xcconfig */;
			buildSettings = {
				ALWAYS_EMBED_SWIFT_STANDARD_LIBRARIES = YES;
				BUNDLE_LOADER = "$(TEST_HOST)";
				CODE_SIGN_STYLE = Automatic;
				CURRENT_PROJECT_VERSION = 1;
				DEVELOPMENT_TEAM = 9Z3AMNZ66F;
				GENERATE_INFOPLIST_FILE = YES;
				IPHONEOS_DEPLOYMENT_TARGET = 17.5;
				MARKETING_VERSION = 1.0;
				PRODUCT_BUNDLE_IDENTIFIER = com.PureLabelTests;
				PRODUCT_NAME = "$(TARGET_NAME)";
				SWIFT_EMIT_LOC_STRINGS = NO;
				SWIFT_VERSION = 5.0;
				TARGETED_DEVICE_FAMILY = "1,2";
				TEST_HOST = "$(BUILT_PRODUCTS_DIR)/PureLabel.app/$(BUNDLE_EXECUTABLE_FOLDER_PATH)/PureLabel";
			};
			name = Debug;
		};
		ACE77FA22C414DFF001B5A0F /* Release */ = {
			isa = XCBuildConfiguration;
			baseConfigurationReference = C87BEA105E4747614C186812 /* Pods-PureLabelTests.release.xcconfig */;
			buildSettings = {
				ALWAYS_EMBED_SWIFT_STANDARD_LIBRARIES = YES;
				BUNDLE_LOADER = "$(TEST_HOST)";
				CODE_SIGN_STYLE = Automatic;
				CURRENT_PROJECT_VERSION = 1;
				DEVELOPMENT_TEAM = 9Z3AMNZ66F;
				GENERATE_INFOPLIST_FILE = YES;
				IPHONEOS_DEPLOYMENT_TARGET = 17.5;
				MARKETING_VERSION = 1.0;
				PRODUCT_BUNDLE_IDENTIFIER = com.PureLabelTests;
				PRODUCT_NAME = "$(TARGET_NAME)";
				SWIFT_EMIT_LOC_STRINGS = NO;
				SWIFT_VERSION = 5.0;
				TARGETED_DEVICE_FAMILY = "1,2";
				TEST_HOST = "$(BUILT_PRODUCTS_DIR)/PureLabel.app/$(BUNDLE_EXECUTABLE_FOLDER_PATH)/PureLabel";
			};
			name = Release;
		};
		ACE77FA42C414DFF001B5A0F /* Debug */ = {
			isa = XCBuildConfiguration;
			baseConfigurationReference = F538530FAFECD221DED7F7D8 /* Pods-PureLabel-PureLabelUITests.debug.xcconfig */;
			buildSettings = {
				ALWAYS_EMBED_SWIFT_STANDARD_LIBRARIES = YES;
				CODE_SIGN_STYLE = Automatic;
				CURRENT_PROJECT_VERSION = 1;
				DEVELOPMENT_TEAM = 9Z3AMNZ66F;
				GENERATE_INFOPLIST_FILE = YES;
				MARKETING_VERSION = 1.0;
				PRODUCT_BUNDLE_IDENTIFIER = com.PureLabelUITests;
				PRODUCT_NAME = "$(TARGET_NAME)";
				SWIFT_EMIT_LOC_STRINGS = NO;
				SWIFT_VERSION = 5.0;
				TARGETED_DEVICE_FAMILY = "1,2";
				TEST_TARGET_NAME = PureLabel;
			};
			name = Debug;
		};
		ACE77FA52C414DFF001B5A0F /* Release */ = {
			isa = XCBuildConfiguration;
			baseConfigurationReference = 7874F8D11FF030A533870CE7 /* Pods-PureLabel-PureLabelUITests.release.xcconfig */;
			buildSettings = {
				ALWAYS_EMBED_SWIFT_STANDARD_LIBRARIES = YES;
				CODE_SIGN_STYLE = Automatic;
				CURRENT_PROJECT_VERSION = 1;
				DEVELOPMENT_TEAM = 9Z3AMNZ66F;
				GENERATE_INFOPLIST_FILE = YES;
				MARKETING_VERSION = 1.0;
				PRODUCT_BUNDLE_IDENTIFIER = com.PureLabelUITests;
				PRODUCT_NAME = "$(TARGET_NAME)";
				SWIFT_EMIT_LOC_STRINGS = NO;
				SWIFT_VERSION = 5.0;
				TARGETED_DEVICE_FAMILY = "1,2";
				TEST_TARGET_NAME = PureLabel;
			};
			name = Release;
		};
/* End XCBuildConfiguration section */

/* Begin XCConfigurationList section */
		ACE77F6E2C414DFD001B5A0F /* Build configuration list for PBXProject "PureLabel" */ = {
			isa = XCConfigurationList;
			buildConfigurations = (
				ACE77F9B2C414DFF001B5A0F /* Debug */,
				ACE77F9C2C414DFF001B5A0F /* Release */,
			);
			defaultConfigurationIsVisible = 0;
			defaultConfigurationName = Release;
		};
		ACE77F9D2C414DFF001B5A0F /* Build configuration list for PBXNativeTarget "PureLabel" */ = {
			isa = XCConfigurationList;
			buildConfigurations = (
				ACE77F9E2C414DFF001B5A0F /* Debug */,
				ACE77F9F2C414DFF001B5A0F /* Release */,
			);
			defaultConfigurationIsVisible = 0;
			defaultConfigurationName = Release;
		};
		ACE77FA02C414DFF001B5A0F /* Build configuration list for PBXNativeTarget "PureLabelTests" */ = {
			isa = XCConfigurationList;
			buildConfigurations = (
				ACE77FA12C414DFF001B5A0F /* Debug */,
				ACE77FA22C414DFF001B5A0F /* Release */,
			);
			defaultConfigurationIsVisible = 0;
			defaultConfigurationName = Release;
		};
		ACE77FA32C414DFF001B5A0F /* Build configuration list for PBXNativeTarget "PureLabelUITests" */ = {
			isa = XCConfigurationList;
			buildConfigurations = (
				ACE77FA42C414DFF001B5A0F /* Debug */,
				ACE77FA52C414DFF001B5A0F /* Release */,
			);
			defaultConfigurationIsVisible = 0;
			defaultConfigurationName = Release;
		};
/* End XCConfigurationList section */
	};
	rootObject = ACE77F6B2C414DFD001B5A0F /* Project object */;
}
